
Microsoft Visual Studio Solution File, Format Version 12.00
# Visual Studio Version 17
VisualStudioVersion = 17.4.33122.133
MinimumVisualStudioVersion = 10.0.40219.1
Project("{FAE04EC0-301F-11D3-BF4B-00C04F79EFBC}") = "X00180961_CA2", "X00180961_CA2\X00180961_CA2.csproj", "{0C2DB085-0AAC-48AA-8ACE-6E325E8AC02D}"
EndProject
Global
	GlobalSection(SolutionConfigurationPlatforms) = preSolution
		Debug|Any CPU = Debug|Any CPU
		Release|Any CPU = Release|Any CPU
	EndGlobalSection
	GlobalSection(ProjectConfigurationPlatforms) = postSolution
		{0C2DB085-0AAC-48AA-8ACE-6E325E8AC02D}.Debug|Any CPU.ActiveCfg = Debug|Any CPU
		{0C2DB085-0AAC-48AA-8ACE-6E325E8AC02D}.Debug|Any CPU.Build.0 = Debug|Any CPU
		{0C2DB085-0AAC-48AA-8ACE-6E325E8AC02D}.Release|Any CPU.ActiveCfg = Release|Any CPU
		{0C2DB085-0AAC-48AA-8ACE-6E325E8AC02D}.Release|Any CPU.Build.0 = Release|Any CPU
	EndGlobalSection
	GlobalSection(SolutionProperties) = preSolution
		HideSolutionNode = FALSE
	EndGlobalSection
	GlobalSection(ExtensibilityGlobals) = postSolution
		SolutionGuid = {3D0CB527-0DDA-48C1-A848-F56E975BD558}
	EndGlobalSection
EndGlobal
